c2sp.org/CCTV/age v0.0.0-20251208015420-e9274a7bdbfd h1:ZLsPO6WdZ5zatV4UfVpr7oAwLGRZ+sebTUruuM4Ra3M=
c2sp.org/CCTV/age v0.0.0-20251208015420-e9274a7bdbfd/go.mod h1:SrHC2C7r5GkDk8R+NFVzYy/sdj0Ypg9htaPXQq5Cqeo=
filippo.io/age v1.3.1 h1:hbzdQOJkuaMEpRCLSN1/C5DX74RPcNCk6oqhKMXmZi0=
filippo.io/age v1.3.1/go.mod h1:EZorDTYUxt836i3zdori5IJX/v2Lj6kWFU0cfh6C0D4=
filippo.io/edwards25519 v1.2.0 h1:crnVqOiS4jqYleHd9vaKZ+HKtHfllngJIiOpNpoJsjo=
filippo.io/edwards25519 v1.2.0/go.mod h1:xzAOLCNug/yB62zG1bQ8uziwrIqIuxhctzJT18Q77mc=
filippo.io/hpke v0.4.0 h1:p575VVQ6ted4pL+it6M00V/f2qTZITO0zgmdKCkd5+A=
filippo.io/hpke v0.4.0/go.mod h1:EmAN849/P3qdeK+PCMkDpDm83vRHM5cDipBJ8xbQLVY=
github.com/RaveNoX/go-jsoncommentstrip v1.0.0/go.mod h1:78ihd09MekBnJnxpICcwzCMzGrKSKYe4AqU6PDYYpjk=
github.com/apapsch/go-jsonmerge/v2 v2.0.0 h1:axGnT1gRIfimI7gJifB699GoE/oq+F2MU7Dml6nw9rQ=
github.com/apapsch/go-jsonmerge/v2 v2.0.0/go.mod h1:lvDnEdqiQrp0O42VQGgmlKpxL1AP2+08jFMw88y4klk=
github.com/bmatcuk/doublestar v1.1.1/go.mod h1:UD6OnuiIn0yFxxA2le/rnRU1G4RaI4UvFv1sNto9p6w=
github.com/creack/pty v1.1.9/go.mod h1:oKZEueFk5CKHvIhNR5MUki03XCEU+Q6VDXinZuGJ33E=
github.com/davecgh/go-spew v1.1.0/go.mod h1:J7Y8YcW2NihsgmVo/mv3lAwl/skON4iLHjSsI+c5H38=
github.com/davecgh/go-spew v1.1.1 h1:vj9j/u1bqnvCEfJOwUhtlOARqs3+rkHYY13jYWTU97c=
github.com/davecgh/go-spew v1.1.1/go.mod h1:J7Y8YcW2NihsgmVo/mv3lAwl/skON4iLHjSsI+c5H38=
github.com/dlclark/regexp2 v1.11.0 h1:G/nrcoOa7ZXlpoa/91N3X7mM3r8eIlMBBJZvsz/mxKI=
github.com/dlclark/regexp2 v1.11.0/go.mod h1:DHkYz0B9wPfa6wondMfaivmHpzrQ3v9q8cnmRbL6yW8=
github.com/dustin/go-humanize v1.0.1 h1:GzkhY7T5VNhEkwH0PVJgjz+fX1rhBrR7pRT3mDkpeCY=
github.com/dustin/go-humanize v1.0.1/go.mod h1:Mu1zIs6XwVuF/gI1OepvI0qD18qycQx+mFykh5fBlto=
github.com/ecosyste-ms/ecosystems-go v0.3.0 h1:eVTNKQ3PyVNkSAnk1934958Vg4rR7ho5B5MWEQaMLi4=
github.com/ecosyste-ms/ecosystems-go v0.3.0/go.mod h1:bkjiI8WoTFB1Jw0M3h8yn3KXCD/+LdETsQ3m2BNLMHQ=
github.com/git-pkgs/enrichment v0.6.0 h1:npV6N+eFZnI64uw/B0s+WJPn6Fu6Be08bexAViZFjMg=
github.com/git-pkgs/enrichment v0.6.0/go.mod h1:ov2WDaiNoIXViqdnE1FlUjNTnB5RnkUH4et9BWPhUDY=
github.com/git-pkgs/packageurl-go v0.3.1 h1:WM3RBABQZLaRBxgKyYughc3cVBE8KyQxbSC6Jt5ak7M=
github.com/git-pkgs/packageurl-go v0.3.1/go.mod h1:rcIxiG37BlQLB6FZfgdj9Fm7yjhRQd3l+5o7J0QPAk4=
github.com/git-pkgs/pom v0.1.5 h1:TGT8Az2OMxGWsXnSagtUMGzZm7Oax8HrSCteA+mi0qY=
github.com/git-pkgs/pom v0.1.5/go.mod h1:ufdMBe1lKzqOeP9IUb9NPZ458xKV8E8NvuyBMxOfwIk=
github.com/git-pkgs/purl v0.1.14 h1:GgqwiBNS0eKJqJ/gabUBEC10Xhpj6UX12kfNzujaeYc=
github.com/git-pkgs/purl v0.1.14/go.mod h1:8oCcdcYZA/e1B33e7Ylju6azboTKjdqf3ybcbQj6I/o=
github.com/git-pkgs/registries v0.6.2 h1:26G5zW6Q7x1CSfNkaEqEjRMJiA4JwfdKOCJ7Qm+u0a8=
github.com/git-pkgs/registries v0.6.2/go.mod h1:GR0Bu6nC3NQe6f7lfDoEVqAnoQkMocf4M98B12a7B3E=
github.com/git-pkgs/sarif v0.1.0 h1:ghUtzYaG/VDxBNF7aDI7EeT5mke4admqd2cqXcNzG1Q=
github.com/git-pkgs/sarif v0.1.0/go.mod h1:NGg7Ft2+nvR0CBo+Ya9oSX+Yh/p1d7FVyhPe2/0v9V4=
github.com/git-pkgs/sbom v0.1.3 h1:HNZabAgUSu4qel9tVtAedZTjMmml2JRaFYNuipBCGjs=
github.com/git-pkgs/sbom v0.1.3/go.mod h1:42YiJ+W9jBsPZnYJQs6tUlOtWlC0vDBOtND8TMwE8ek=
github.com/git-pkgs/spdx v0.1.4 h1:eQ0waEV3uUeItpWAOvdN1K1rL9hTgsU7fF74r1mDXMs=
github.com/git-pkgs/spdx v0.1.4/go.mod h1:cqRoZcvl530s/W+oGNvwjt4ODN8T1W6D/20MUZEFdto=
github.com/git-pkgs/vers v0.2.6 h1:IelZd7BP/JhzTloUTDY67nehUgoYva3g9viqAMCHJg8=
github.com/git-pkgs/vers v0.2.6/go.mod h1:biTbSQK1qdbrsxDEKnqe3Jzclxz8vW6uDcwKjfUGcOo=
github.com/git-pkgs/vulns v0.2.0 h1:S1sA0ObQ/IKW0vqK+lK+HAY37AdDHEfhaIja/fLptwg=
github.com/git-pkgs/vulns v0.2.0/go.mod h1:mjVquLlunsAFPltqjf6mbvbI4tQ1iIa1NuhKIOPKt/4=
github.com/github/go-spdx/v2 v2.7.0 h1:GzfXx4wFdlilARxmFRXW/mgUy3A4vSqZocCMFV6XFdQ=
github.com/github/go-spdx/v2 v2.7.0/go.mod h1:Ftc45YYG1WzpzwEPKRVm9Jv8vDqOrN4gWoCkK+bHer0=
github.com/glebarez/go-sqlite v1.22.0 h1:uAcMJhaA6r3LHMTFgP0SifzgXg46yJkgxqyuyec+ruQ=
github.com/glebarez/go-sqlite v1.22.0/go.mod h1:PlBIdHe0+aUEFn+r2/uthrWq4FxbzugL0L8Li6yQJbc=
github.com/glebarez/sqlite v1.11.0 h1:wSG0irqzP6VurnMEpFGer5Li19RpIRi2qvQz++w0GMw=
github.com/glebarez/sqlite v1.11.0/go.mod h1:h8/o8j5wiAsqSPoWELDUdJXhjAhsVliSn7bWZjOhrgQ=
github.com/google/pprof v0.0.0-20250317173921-a4b03ec1a45e h1:ijClszYn+mADRFY17kjQEVQ1XRhq2/JR1M3sGqeJoxs=
github.com/google/pprof v0.0.0-20250317173921-a4b03ec1a45e/go.mod h1:boTsfXsheKC2y+lKOCMpSfarhxDeIzfZG1jqGcPl3cA=
github.com/google/uuid v1.6.0 h1:NIvaJDMOsjHA8n1jAhLSgzrAzy1Hgr+hNrb57e+94F0=
github.com/google/uuid v1.6.0/go.mod h1:TIyPZe4MgqvfeYDBFedMoGGpEw/LqOeaOT+nhxU+yHo=
github.com/hashicorp/golang-lru/v2 v2.0.7 h1:a+bsQ5rvGLjzHuww6tVxozPZFVghXaHOwFs4luLUK2k=
github.com/hashicorp/golang-lru/v2 v2.0.7/go.mod h1:QeFd9opnmA6QUJc5vARoKUSoFhyfM2/ZepoAG6RGpeM=
github.com/jackc/pgpassfile v1.0.0 h1:/6Hmqy13Ss2zCq62VdNG8tM1wchn8zjSGOBJ6icpsIM=
github.com/jackc/pgpassfile v1.0.0/go.mod h1:CEx0iS5ambNFdcRtxPj5JhEz+xB6uRky5eyVu/W2HEg=
github.com/jackc/pgservicefile v0.0.0-20240606120523-5a60cdf6a761 h1:iCEnooe7UlwOQYpKFhBabPMi4aNAfoODPEFNiAnClxo=
github.com/jackc/pgservicefile v0.0.0-20240606120523-5a60cdf6a761/go.mod h1:5TJZWKEWniPve33vlWYSoGYefn3gLQRzjfDlhSJ9ZKM=
github.com/jackc/pgx/v5 v5.7.5 h1:JHGfMnQY+IEtGM63d+NGMjoRpysB2JBwDr5fsngwmJs=
github.com/jackc/pgx/v5 v5.7.5/go.mod h1:aruU7o91Tc2q2cFp5h4uP3f6ztExVpyVv88Xl/8Vl8M=
github.com/jackc/puddle/v2 v2.2.2 h1:PR8nw+E/1w0GLuRFSmiioY6UooMp6KJv0/61nB7icHo=
github.com/jackc/puddle/v2 v2.2.2/go.mod h1:vriiEXHvEE654aYKXXjOvZM39qJ0q+azkZFrfEOc3H4=
github.com/jinzhu/inflection v1.0.0 h1:K317FqzuhWc8YvSVlFMCCUb36O/S9MCKRDI7QkRKD/E=
github.com/jinzhu/inflection v1.0.0/go.mod h1:h+uFLlag+Qp1Va5pdKtLDYj+kHp5pxUVkryuEj+Srlc=
github.com/jinzhu/now v1.1.5 h1:/o9tlHleP7gOFmsnYNz3RGnqzefHA47wQpKrrdTIwXQ=
github.com/jinzhu/now v1.1.5/go.mod h1:d3SSVoowX0Lcu0IBviAWJpolVfI5UJVZZ7cO71lE/z8=
github.com/juju/gnuflag v0.0.0-20171113085948-2ce1bb71843d/go.mod h1:2PavIy+JPciBPrBUjwbNvtwB6RQlve+hkpll6QSNmOE=
github.com/kr/pretty v0.3.1 h1:flRD4NNwYAUpkphVc1HcthR4KEIFJ65n8Mw5qdRn3LE=
github.com/kr/pretty v0.3.1/go.mod h1:hoEshYVHaxMs3cyo3Yncou5ZscifuDolrwPKZanG3xk=
github.com/kr/text v0.2.0 h1:5Nx0Ya0ZqY2ygV366QzturHI13Jq95ApcVaJBhpS+AY=
github.com/kr/text v0.2.0/go.mod h1:eLer722TekiGuMkidMxC/pM04lWEeraHUUmBw8l2grE=
github.com/mattn/go-isatty v0.0.22 h1:j8l17JJ9i6VGPUFUYoTUKPSgKe/83EYU2zBC7YNKMw4=
github.com/mattn/go-isatty v0.0.22/go.mod h1:ZXfXG4SQHsB/w3ZeOYbR0PrPwLy+n6xiMrJlRFqopa4=
github.com/mattn/go-sqlite3 v1.14.28 h1:ThEiQrnbtumT+QMknw63Befp/ce/nUPgBPMlRFEum7A=
github.com/mattn/go-sqlite3 v1.14.28/go.mod h1:Uh1q+B4BYcTPb+yiD3kU8Ct7aC0hY9fxUwlHK0RXw+Y=
github.com/ncruces/go-strftime v1.0.0 h1:HMFp8mLCTPp341M/ZnA4qaf7ZlsbTc+miZjCLOFAw7w=
github.com/ncruces/go-strftime v1.0.0/go.mod h1:Fwc5htZGVVkseilnfgOVb9mKy6w1naJmn9CehxcKcls=
github.com/oapi-codegen/nullable v1.1.0 h1:eAh8JVc5430VtYVnq00Hrbpag9PFRGWLjxR1/3KntMs=
github.com/oapi-codegen/nullable v1.1.0/go.mod h1:KUZ3vUzkmEKY90ksAmit2+5juDIhIZhfDl+0PwOQlFY=
github.com/oapi-codegen/runtime v1.4.2 h1:GMxFVYLzoYLua+/KvzgSphkyK1lLTReQI9Vf4hvATKE=
github.com/oapi-codegen/runtime v1.4.2/go.mod h1:GwV7hC2hviaMzj+ITfHVRESK5J2W/GefVwIND/bMGvU=
github.com/package-url/packageurl-go v0.1.6 h1:YO3p6u1XmCUliivUg/qWphaY8vI6hxSnnPv7Bfg3m5M=
github.com/package-url/packageurl-go v0.1.6/go.mod h1:nKAWB8E6uk1MHqiS/lQb9pYBGH2+mdJ2PJc2s50dQY0=
github.com/pandatix/go-cvss v0.6.2 h1:TFiHlzUkT67s6UkelHmK6s1INKVUG7nlKYiWWDTITGI=
github.com/pandatix/go-cvss v0.6.2/go.mod h1:jDXYlQBZrc8nvrMUVVvTG8PhmuShOnKrxP53nOFkt8Q=
github.com/pmezard/go-difflib v1.0.0 h1:4DBwDE0NGyQoBHbLQYPwSUPoCMWR5BEzIk/f1lZbAQM=
github.com/pmezard/go-difflib v1.0.0/go.mod h1:iKH77koFhYxTK1pcRnkKkqfTogsbg7gZNVY4sRDYZ/4=
github.com/remyoudompheng/bigfft v0.0.0-20230129092748-24d4a6f8daec h1:W09IVJc94icq4NjY3clb7Lk8O1qJ8BdBEF8z0ibU0rE=
github.com/remyoudompheng/bigfft v0.0.0-20230129092748-24d4a6f8daec/go.mod h1:qqbHyh8v60DhA7CoWK5oRCqLrMHRGoxYCSS9EjAz6Eo=
github.com/rogpeppe/go-internal v1.14.1 h1:UQB4HGPB6osV0SQTLymcB4TgvyWu6ZyliaW0tI/otEQ=
github.com/rogpeppe/go-internal v1.14.1/go.mod h1:MaRKkUm5W0goXpeCfT7UZI6fk/L7L7so1lCWt35ZSgc=
github.com/santhosh-tekuri/jsonschema/v6 v6.0.2 h1:KRzFb2m7YtdldCEkzs6KqmJw4nqEVZGK7IN2kJkjTuQ=
github.com/santhosh-tekuri/jsonschema/v6 v6.0.2/go.mod h1:JXeL+ps8p7/KNMjDQk3TCwPpBy0wYklyWTfbkIzdIFU=
github.com/spkg/bom v0.0.0-20160624110644-59b7046e48ad/go.mod h1:qLr4V1qq6nMqFKkMo8ZTx3f+BZEkzsRUY10Xsm2mwU0=
github.com/stretchr/objx v0.1.0/go.mod h1:HFkY916IF+rwdDfMAkV7OtwuqBVzrE8GR6GFx+wExME=
github.com/stretchr/testify v1.3.0/go.mod h1:M5WIy9Dh21IEIfnGCwXGc5bZfKNJtfHm1UVUgZn+9EI=
github.com/stretchr/testify v1.7.0/go.mod h1:6Fq8oRcR53rry900zMqJjRRixrwX3KX962/h/Wwjteg=
github.com/stretchr/testify v1.11.1 h1:7s2iGBzp5EwR7/aIZr8ao5+dra3wiQyKjjFuvgVKu7U=
github.com/stretchr/testify v1.11.1/go.mod h1:wZwfW3scLgRK+23gO65QZefKpKQRnfz6sD981Nm4B6U=
github.com/yuin/goldmark v1.8.2 h1:kEGpgqJXdgbkhcOgBxkC0X0PmoPG1ZyoZ117rDVp4zE=
github.com/yuin/goldmark v1.8.2/go.mod h1:ip/1k0VRfGynBgxOz0yCqHrbZXhcjxyuS66Brc7iBKg=
golang.org/x/crypto v0.53.0 h1:QZ4Muo8THX6CizN2vPPd5fBGHyogrdK9fG4wLPFUsto=
golang.org/x/crypto v0.53.0/go.mod h1:DNLU434OwVakk9PzuwV8w62mAJpRJL3vsgcfp4Qnsio=
golang.org/x/mod v0.36.0 h1:JJjpVx6myfUsUdAzZuOSTTmRE0PfZeNWzzvKrP7amb4=
golang.org/x/mod v0.36.0/go.mod h1:moc6ELqsWcOw5Ef3xVprK5ul/MvtVvkIXLziUOICjUQ=
golang.org/x/oauth2 v0.36.0 h1:peZ/1z27fi9hUOFCAZaHyrpWG5lwe0RJEEEeH0ThlIs=
golang.org/x/oauth2 v0.36.0/go.mod h1:YDBUJMTkDnJS+A4BP4eZBjCqtokkg1hODuPjwiGPO7Q=
golang.org/x/sync v0.21.0 h1:HLII4xRRTtCRkxYp4HNFF0Js/Og6q2i++KXbg0gHCwM=
golang.org/x/sync v0.21.0/go.mod h1:9xrNwdLfx4jkKbNva9FpL6vEN7evnE43NNNJQ2LF3+0=
golang.org/x/sys v0.46.0 h1:noSf2Fq6F8DBgS+LysIkx7rIExoNHJsxOAtPp4rthXw=
golang.org/x/sys v0.46.0/go.mod h1:4GL1E5IUh+htKOUEOaiffhrAeqysfVGipDYzABqnCmw=
golang.org/x/term v0.44.0 h1:0rLvDRCtNj0gZkyIXhCyOb2OAzEhLVqc4B+hrsBhrmc=
golang.org/x/term v0.44.0/go.mod h1:7ze4MdzUzLXpSAoFP1H0bOI9aXDqveSvatT5vKcFh2Y=
golang.org/x/text v0.38.0 h1:sXmwo9DwP3OK9EZ7PqAdaooSGozfl/3a6/xJcbzPRhE=
golang.org/x/text v0.38.0/go.mod h1:YXZt3QhHUKYT53r2lLKFIVi6Ao1jdzrTR/KQ09qyxF4=
golang.org/x/tools v0.45.0 h1:18qN3FAooORvApf5XjCXgsuayZOEtXf6JK18I3+ONa8=
golang.org/x/tools v0.45.0/go.mod h1:LuUGqqaXcXMEFEruIVJVm5mgDD8vww/z/SR1gQ4uE/0=
gopkg.in/check.v1 v0.0.0-20161208181325-20d25e280405/go.mod h1:Co6ibVJAznAaIkqp8huTwlJQCZ016jof/cbN4VW5Yz0=
gopkg.in/check.v1 v1.0.0-20201130134442-10cb98267c6c h1:Hei/4ADfdWqJk1ZMxUNpqntNwaWcugrBjAiHlqqRiVk=
gopkg.in/check.v1 v1.0.0-20201130134442-10cb98267c6c/go.mod h1:JHkPIbrfpd72SG/EVd6muEfDQjcINNoR0C8j2r3qZ4Q=
gopkg.in/yaml.v3 v3.0.0-20200313102051-9f266ea9e77c/go.mod h1:K4uyk7z7BCEPqu6E+C64Yfv1cQ7kz7rIZviUmN+EgEM=
gopkg.in/yaml.v3 v3.0.1 h1:fxVm/GzAzEWqLHuvctI91KS9hhNmmWOoWu0XTYJS7CA=
gopkg.in/yaml.v3 v3.0.1/go.mod h1:K4uyk7z7BCEPqu6E+C64Yfv1cQ7kz7rIZviUmN+EgEM=
gorm.io/driver/postgres v1.6.0 h1:2dxzU8xJ+ivvqTRph34QX+WrRaJlmfyPqXmoGVjMBa4=
gorm.io/driver/postgres v1.6.0/go.mod h1:vUw0mrGgrTK+uPHEhAdV4sfFELrByKVGnaVRkXDhtWo=
gorm.io/driver/sqlite v1.6.0 h1:WHRRrIiulaPiPFmDcod6prc4l2VGVWHz80KspNsxSfQ=
gorm.io/driver/sqlite v1.6.0/go.mod h1:AO9V1qIQddBESngQUKWL9yoH93HIeA1X6V633rBwyT8=
gorm.io/gorm v1.31.2 h1:3o8FXNo9v9S858gil+3LlZA1LkCOzgb4g5BL64FgaCo=
gorm.io/gorm v1.31.2/go.mod h1:XyQVbO2k6YkOis7C2437jSit3SsDK72s7n7rsSHd+Gs=
maragu.dev/goqite v0.4.0 h1:x4UT5qxfI/Gz2NWpMEunN0HZ/gyMJdY551rc4BGuR9I=
maragu.dev/goqite v0.4.0/go.mod h1:UVHAW44gJFtP2nucAO7R2NBzveM6HrJO97CAa12uuVc=
maragu.dev/is v0.3.0 h1:A2B6ylehcHJw7gQqzgwDMWMkS6jmhaBu8s6fy+RG6yA=
maragu.dev/is v0.3.0/go.mod h1:bviaM5S0fBshCw7wuumFGTju/izopZ/Yvq4g7Klc7y8=
modernc.org/cc/v4 v4.28.4 h1:Hd/4Es+MBj+/7hSdZaisNyu6bv3V0Dp2MdllyfqaH+c=
modernc.org/cc/v4 v4.28.4/go.mod h1:OnovgIhbbMXMu1aISnJ0wvVD1KnW+cAUJkIrAWh+kVI=
modernc.org/ccgo/v4 v4.34.4 h1:OVnSOWQjVKOYkFxoHYB+qQmSHK5gqMqARM+K9DpR/Ws=
modernc.org/ccgo/v4 v4.34.4/go.mod h1:qdKqE8FNIYyysougB1RX9MxCzp5oJOcQXSobANJ4TuE=
modernc.org/fileutil v1.4.0 h1:j6ZzNTftVS054gi281TyLjHPp6CPHr2KCxEXjEbD6SM=
modernc.org/fileutil v1.4.0/go.mod h1:EqdKFDxiByqxLk8ozOxObDSfcVOv/54xDs/DUHdvCUU=
modernc.org/gc/v2 v2.6.5 h1:nyqdV8q46KvTpZlsw66kWqwXRHdjIlJOhG6kxiV/9xI=
modernc.org/gc/v2 v2.6.5/go.mod h1:YgIahr1ypgfe7chRuJi2gD7DBQiKSLMPgBQe9oIiito=
modernc.org/gc/v3 v3.1.3 h1:6QAplYyVO+KdPW3pGnqmJDUxtkec8ooEWvks/hhU3lc=
modernc.org/gc/v3 v3.1.3/go.mod h1:HFK/6AGESC7Ex+EZJhJ2Gni6cTaYpSMmU/cT9RmlfYY=
modernc.org/goabi0 v0.2.0 h1:HvEowk7LxcPd0eq6mVOAEMai46V+i7Jrj13t4AzuNks=
modernc.org/goabi0 v0.2.0/go.mod h1:CEFRnnJhKvWT1c1JTI3Avm+tgOWbkOu5oPA8eH8LnMI=
modernc.org/libc v1.73.4 h1:+ra4Ui8ngyt8HDcO1FTDPWlkAh6yOdaO2yAoh8MddQA=
modernc.org/libc v1.73.4/go.mod h1:DXZ3eO8qMCNn2SnmTNCiC71nJ9Rcq3PsnpU6Vc4rWK8=
modernc.org/mathutil v1.7.1 h1:GCZVGXdaN8gTqB1Mf/usp1Y/hSqgI2vAGGP4jZMCxOU=
modernc.org/mathutil v1.7.1/go.mod h1:4p5IwJITfppl0G4sUEDtCr4DthTaT47/N3aT6MhfgJg=
modernc.org/memory v1.11.0 h1:o4QC8aMQzmcwCK3t3Ux/ZHmwFPzE6hf2Y5LbkRs+hbI=
modernc.org/memory v1.11.0/go.mod h1:/JP4VbVC+K5sU2wZi9bHoq2MAkCnrt2r98UGeSK7Mjw=
modernc.org/opt v0.2.0 h1:tGyef5ApycA7FSEOMraay9SaTk5zmbx7Tu+cJs4QKZg=
modernc.org/opt v0.2.0/go.mod h1:03fq9lsNfvkYSfxrfUhZCWPk1lm4cq4N+Bh//bEtgns=
modernc.org/sortutil v1.2.1 h1:+xyoGf15mM3NMlPDnFqrteY07klSFxLElE2PVuWIJ7w=
modernc.org/sortutil v1.2.1/go.mod h1:7ZI3a3REbai7gzCLcotuw9AC4VZVpYMjDzETGsSMqJE=
modernc.org/sqlite v1.53.0 h1:20WG8N9q4ji/dEqGk4uiI0c6OPjSeLTNYGFCc3+7c1M=
modernc.org/sqlite v1.53.0/go.mod h1:xoEpOIpGrgT48H5iiyt/YXPCZPEzlfmfFwtk8Lklw8s=
modernc.org/strutil v1.2.1 h1:UneZBkQA+DX2Rp35KcM69cSsNES9ly8mQWD71HKlOA0=
modernc.org/strutil v1.2.1/go.mod h1:EHkiggD70koQxjVdSBM3JKM7k6L0FbGE5eymy9i3B9A=
modernc.org/token v1.1.0 h1:Xl7Ap9dKaEs5kLoOQeQmPWevfnk/DM5qcLcYlA8ys6Y=
modernc.org/token v1.1.0/go.mod h1:UGzOrNV1mAFSEB63lOFHIpNRUVMvYTc6yu1SMY/XTDM=
